
Microsoft Visual Studio Solution File, Format Version 12.00
# Visual Studio Version 16
VisualStudioVersion = 16.0.29926.136
MinimumVisualStudioVersion = 10.0.40219.1
Project("{FAE04EC0-301F-11D3-BF4B-00C04F79EFBC}") = "Zbrajanje dva broja", "Zbrajanje dva broja.csproj", "{FAB59961-02C6-4805-9A43-406B2DCA5E87}"
EndProject
Global
	GlobalSection(SolutionConfigurationPlatforms) = preSolution
		Debug|Any CPU = Debug|Any CPU
		Release|Any CPU = Release|Any CPU
	EndGlobalSection
	GlobalSection(ProjectConfigurationPlatforms) = postSolution
		{FAB59961-02C6-4805-9A43-406B2DCA5E87}.Debug|Any CPU.ActiveCfg = Debug|Any CPU
		{FAB59961-02C6-4805-9A43-406B2DCA5E87}.Debug|Any CPU.Build.0 = Debug|Any CPU
		{FAB59961-02C6-4805-9A43-406B2DCA5E87}.Release|Any CPU.ActiveCfg = Release|Any CPU
		{FAB59961-02C6-4805-9A43-406B2DCA5E87}.Release|Any CPU.Build.0 = Release|Any CPU
	EndGlobalSection
	GlobalSection(SolutionProperties) = preSolution
		HideSolutionNode = FALSE
	EndGlobalSection
	GlobalSection(ExtensibilityGlobals) = postSolution
		SolutionGuid = {CB6AD363-E102-4C85-8CDA-A9C4D604EAD4}
	EndGlobalSection
EndGlobal
